{
  "name": "VideoChatApplication",
  "lockfileVersion": 2,
  "requires": true,
  "packages": {
    "": {
      "dependencies": {
        "@shiguredo/noise-suppression": "^2022.4.2"
      }
    },
    "node_modules/@shiguredo/noise-suppression": {
      "version": "2022.4.2",
      "resolved": "https://registry.npmjs.org/@shiguredo/noise-suppression/-/noise-suppression-2022.4.2.tgz",
      "integrity": "sha512-cgNgDcqiamc2VDpWYVjZXEIGwEio51QvKcdipf452gTESie1PR6rqZaKVwHxuABgsudKGq/1FrBlui9KCdFAtg==",
      "dependencies": {
        "@types/dom-mediacapture-transform": "^0.1.2"
      }
    },
    "node_modules/@types/dom-mediacapture-transform": {
      "version": "0.1.4",
      "resolved": "https://registry.npmjs.org/@types/dom-mediacapture-transform/-/dom-mediacapture-transform-0.1.4.tgz",
      "integrity": "sha512-G4DI51gU3zp/nCFVP7O5dv3sZ7nVXy3Dqooup8tDhvdzUNeAMiC0XIFGiwH3UHPh/t6L5odMOHwB3BYlY86WKw==",
      "dependencies": {
        "@types/dom-webcodecs": "*"
      }
    },
    "node_modules/@types/dom-webcodecs": {
      "version": "0.1.5",
      "resolved": "https://registry.npmjs.org/@types/dom-webcodecs/-/dom-webcodecs-0.1.5.tgz",
      "integrity": "sha512-dsAE+4ws75W5mmNmIZ7IKZwv4bcz5GgPuA87u+Mk1CeVWB6g7ZwBfizRwBZDeyO12RSxoU3NlRa8jgLYQeSZGg=="
    }
  },
  "dependencies": {
    "@shiguredo/noise-suppression": {
      "version": "2022.4.2",
      "resolved": "https://registry.npmjs.org/@shiguredo/noise-suppression/-/noise-suppression-2022.4.2.tgz",
      "integrity": "sha512-cgNgDcqiamc2VDpWYVjZXEIGwEio51QvKcdipf452gTESie1PR6rqZaKVwHxuABgsudKGq/1FrBlui9KCdFAtg==",
      "requires": {
        "@types/dom-mediacapture-transform": "^0.1.2"
      }
    },
    "@types/dom-mediacapture-transform": {
      "version": "0.1.4",
      "resolved": "https://registry.npmjs.org/@types/dom-mediacapture-transform/-/dom-mediacapture-transform-0.1.4.tgz",
      "integrity": "sha512-G4DI51gU3zp/nCFVP7O5dv3sZ7nVXy3Dqooup8tDhvdzUNeAMiC0XIFGiwH3UHPh/t6L5odMOHwB3BYlY86WKw==",
      "requires": {
        "@types/dom-webcodecs": "*"
      }
    },
    "@types/dom-webcodecs": {
      "version": "0.1.5",
      "resolved": "https://registry.npmjs.org/@types/dom-webcodecs/-/dom-webcodecs-0.1.5.tgz",
      "integrity": "sha512-dsAE+4ws75W5mmNmIZ7IKZwv4bcz5GgPuA87u+Mk1CeVWB6g7ZwBfizRwBZDeyO12RSxoU3NlRa8jgLYQeSZGg=="
    }
  }
}
